
Microsoft Visual Studio Solution File, Format Version 12.00
# Visual Studio Version 16
VisualStudioVersion = 16.0.30406.217
MinimumVisualStudioVersion = 10.0.40219.1
Project("{FAE04EC0-301F-11D3-BF4B-00C04F79EFBC}") = "Server", "Server\Server.csproj", "{75036C34-EBED-44B0-9894-443DDE013821}"
EndProject
Global
	GlobalSection(SolutionConfigurationPlatforms) = preSolution
		Debug|Any CPU = Debug|Any CPU
		Release|Any CPU = Release|Any CPU
	EndGlobalSection
	GlobalSection(ProjectConfigurationPlatforms) = postSolution
		{75036C34-EBED-44B0-9894-443DDE013821}.Debug|Any CPU.ActiveCfg = Debug|Any CPU
		{75036C34-EBED-44B0-9894-443DDE013821}.Debug|Any CPU.Build.0 = Debug|Any CPU
		{75036C34-EBED-44B0-9894-443DDE013821}.Release|Any CPU.ActiveCfg = Release|Any CPU
		{75036C34-EBED-44B0-9894-443DDE013821}.Release|Any CPU.Build.0 = Release|Any CPU
	EndGlobalSection
	GlobalSection(SolutionProperties) = preSolution
		HideSolutionNode = FALSE
	EndGlobalSection
	GlobalSection(ExtensibilityGlobals) = postSolution
		SolutionGuid = {ABA96A6F-0063-4AD2-8D9E-62AB8B73DA03}
	EndGlobalSection
EndGlobal
